---
data:
  identifier: '03158'
  term: internal clock
  designations:
  - type: expression
    status: preferred
    text: internal clock
    usage_info:
    field:
    international: false
  kind: undefined
  official_concept:
  editions_present:
  - 202X
  primary_edition: 202X
  publications:
  - edition: 202X
    publication: OIML R150-1:2020
    publication_id: OIML R150-1:2020
    tc_sc: ''
    year: 2020
    clause: 2.2.8.2
    link:
    g18_entry: '03158'
    definition: electronic device that keeps time and is used for the calculation
      of the measurement results
    notes: []
    examples: []
    source:
    consistency: pending
    consistency_reason: ''
status: current
id: d33c135b-d658-5e1c-82f5-7be400b9e692
schema_version: '3'
related: []
