---
data:
  identifier: '00385'
  term: primary reference test block
  designations:
  - type: expression
    status: preferred
    text: primary reference test block
  kind: undefined
  official_concept:
  editions_present:
  - '2010'
  - 202X
  primary_edition: 202X
  publications:
  - edition: '2010'
    publication: OIML R 39:2006
    publication_id: OIML R039:2006
    tc_sc: ''
    year: 2006
    clause: '2.7'
    link: https://www.oiml.org/en/files/pdf_R/r039-e06.pdf
    g18_entry: '00385'
    definition: reference test block that has been certified by a primary national
      laboratory for hardness standardization and assigned with a Rockwell hardness
      value that is directly traceable to a country's national hardness standards
    notes: []
    examples: []
    consistency: pending
    consistency_reason: ''
  - edition: 202X
    publication: OIML R 39:2006
    publication_id: OIML R039:2006
    tc_sc: ''
    year: 2006
    clause: '2.7'
    link: https://www.oiml.org/en/files/pdf_R/r039-e06.pdf
    g18_entry: '00385'
    definition: reference test block that has been certified by a primary national
      laboratory for hardness standardization and assigned with a Rockwell hardness
      value that is directly traceable to a country’s national hardness standards
    notes: []
    examples: []
    consistency: pending
    consistency_reason: ''
status: current
id: 55fef54b-71bd-54db-90e1-83e41ed52b5d
schema_version: '3'
related: []
