---
data:
  identifier: '00345'
  term: real-time clock
  kind: undefined
  official_concept:
  publications:
  - publication: OIML R 21:2007
    publication_id: OIML R021:2007
    tc_sc: ''
    year: 2007
    clause: 2.2.2
    link: https://www.oiml.org/en/files/pdf_R/r021-e07.pdf
    g18_entry: '00345'
    definition: device incorporated into the taximeter that tracks the current time
      and date
    notes: []
    consistency: pending
    consistency_reason: ''
status: current
id: 4b3c3fe2-b520-515f-a7ba-a31e4091c82b
schema_version: '3'
related: []
